
Microsoft Visual Studio Solution File, Format Version 12.00
# Visual Studio Version 17
VisualStudioVersion = 17.9.34728.123
MinimumVisualStudioVersion = 10.0.40219.1
Project("{888888A0-9F3D-457C-B088-3A5042F75D52}") = "AI-in-a-Box", "AI-in-a-Box.pyproj", "{CB3760AC-B929-468D-AB9B-FD5B4D1AAD0E}"
EndProject
Global
	GlobalSection(SolutionConfigurationPlatforms) = preSolution
		Debug|Any CPU = Debug|Any CPU
		Release|Any CPU = Release|Any CPU
	EndGlobalSection
	GlobalSection(ProjectConfigurationPlatforms) = postSolution
		{CB3760AC-B929-468D-AB9B-FD5B4D1AAD0E}.Debug|Any CPU.ActiveCfg = Debug|Any CPU
		{CB3760AC-B929-468D-AB9B-FD5B4D1AAD0E}.Release|Any CPU.ActiveCfg = Release|Any CPU
	EndGlobalSection
	GlobalSection(SolutionProperties) = preSolution
		HideSolutionNode = FALSE
	EndGlobalSection
	GlobalSection(ExtensibilityGlobals) = postSolution
		SolutionGuid = {8D601748-A047-4499-A624-6A241C66A683}
	EndGlobalSection
EndGlobal
